// !$*UTF8*$!
{
	archiveVersion = 1;
	classes = {
	};
	objectVersion = 51;
	objects = {

/* Begin PBXBuildFile section */
		041558DC2232A200001158FA /* ScrollContainerView.swift in Sources */ = {isa = PBXBuildFile; fileRef = 041558C72232A200001158FA /* ScrollContainerView.swift */; };
		041558DD2232A200001158FA /* LinearContainerView.swift in Sources */ = {isa = PBXBuildFile; fileRef = 041558C82232A200001158FA /* LinearContainerView.swift */; };
		041558DE2232A200001158FA /* FrameContainerView.swift in Sources */ = {isa = PBXBuildFile; fileRef = 041558C92232A200001158FA /* FrameContainerView.swift */; };
		041558DF2232A200001158FA /* TransparentNavigationBar.swift in Sources */ = {isa = PBXBuildFile; fileRef = 041558CB2232A200001158FA /* TransparentNavigationBar.swift */; };
		041558E02232A200001158FA /* GradientView.swift in Sources */ = {isa = PBXBuildFile; fileRef = 041558CD2232A200001158FA /* GradientView.swift */; };
		041558E12232A200001158FA /* TextViewlet.swift in Sources */ = {isa = PBXBuildFile; fileRef = 041558CF2232A200001158FA /* TextViewlet.swift */; };
		041558E22232A200001158FA /* SpacerViewlet.swift in Sources */ = {isa = PBXBuildFile; fileRef = 041558D02232A200001158FA /* SpacerViewlet.swift */; };
		041558E32232A200001158FA /* ImageViewlet.swift in Sources */ = {isa = PBXBuildFile; fileRef = 041558D12232A200001158FA /* ImageViewlet.swift */; };
		041558E42232A200001158FA /* SpinnerViewlet.swift in Sources */ = {isa = PBXBuildFile; fileRef = 041558D22232A200001158FA /* SpinnerViewlet.swift */; };
		041558E52232A200001158FA /* AppColors.swift in Sources */ = {isa = PBXBuildFile; fileRef = 041558D42232A200001158FA /* AppColors.swift */; };
		041558E62232A200001158FA /* AppDimensions.swift in Sources */ = {isa = PBXBuildFile; fileRef = 041558D52232A200001158FA /* AppDimensions.swift */; };
		041558E72232A200001158FA /* AppFonts.swift in Sources */ = {isa = PBXBuildFile; fileRef = 041558D62232A200001158FA /* AppFonts.swift */; };
		041558E82232A200001158FA /* ImageSource.swift in Sources */ = {isa = PBXBuildFile; fileRef = 041558D82232A200001158FA /* ImageSource.swift */; };
		041558E92232A200001158FA /* MarkdownGenerator.swift in Sources */ = {isa = PBXBuildFile; fileRef = 041558D92232A200001158FA /* MarkdownGenerator.swift */; };
		041558EA2232A200001158FA /* ViewletUtil.swift in Sources */ = {isa = PBXBuildFile; fileRef = 041558DA2232A200001158FA /* ViewletUtil.swift */; };
		041558EB2232A200001158FA /* NavigationBarComponent.swift in Sources */ = {isa = PBXBuildFile; fileRef = 041558DB2232A200001158FA /* NavigationBarComponent.swift */; };
		041558FC2232A42C001158FA /* String+MD5.swift in Sources */ = {isa = PBXBuildFile; fileRef = 041558EE2232A42C001158FA /* String+MD5.swift */; };
		041558FD2232A42C001158FA /* Data+MD5.swift in Sources */ = {isa = PBXBuildFile; fileRef = 041558EF2232A42C001158FA /* Data+MD5.swift */; };
		041558FE2232A42C001158FA /* String+Localization.swift in Sources */ = {isa = PBXBuildFile; fileRef = 041558F02232A42C001158FA /* String+Localization.swift */; };
		041558FF2232A42C001158FA /* String+URLCoding.swift in Sources */ = {isa = PBXBuildFile; fileRef = 041558F12232A42C001158FA /* String+URLCoding.swift */; };
		041559002232A42C001158FA /* AppEvent.swift in Sources */ = {isa = PBXBuildFile; fileRef = 041558F32232A42C001158FA /* AppEvent.swift */; };
		041559012232A42C001158FA /* AppEventType.swift in Sources */ = {isa = PBXBuildFile; fileRef = 041558F42232A42C001158FA /* AppEventType.swift */; };
		041559022232A42C001158FA /* AppEventLabeledSender.swift in Sources */ = {isa = PBXBuildFile; fileRef = 041558F52232A42C001158FA /* AppEventLabeledSender.swift */; };
		041559032232A42C001158FA /* AppEventObserver.swift in Sources */ = {isa = PBXBuildFile; fileRef = 041558F62232A42C001158FA /* AppEventObserver.swift */; };
		041559042232A42C001158FA /* EventReceiverTool.swift in Sources */ = {isa = PBXBuildFile; fileRef = 041558F82232A42C001158FA /* EventReceiverTool.swift */; };
		041559052232A42C001158FA /* CustomAppConfigModel.swift in Sources */ = {isa = PBXBuildFile; fileRef = 041558FA2232A42C001158FA /* CustomAppConfigModel.swift */; };
		041559062232A42C001158FA /* CustomAppConfigManager.swift in Sources */ = {isa = PBXBuildFile; fileRef = 041558FB2232A42C001158FA /* CustomAppConfigManager.swift */; };
		041559112232A510001158FA /* PageCache.swift in Sources */ = {isa = PBXBuildFile; fileRef = 0415590A2232A510001158FA /* PageCache.swift */; };
		041559122232A510001158FA /* Page.swift in Sources */ = {isa = PBXBuildFile; fileRef = 0415590B2232A510001158FA /* Page.swift */; };
		041559132232A510001158FA /* PageLoader.swift in Sources */ = {isa = PBXBuildFile; fileRef = 0415590C2232A510001158FA /* PageLoader.swift */; };
		041559142232A510001158FA /* ControllerModule.swift in Sources */ = {isa = PBXBuildFile; fileRef = 0415590E2232A510001158FA /* ControllerModule.swift */; };
		041559152232A510001158FA /* AlertModule.swift in Sources */ = {isa = PBXBuildFile; fileRef = 041559102232A510001158FA /* AlertModule.swift */; };
		041559172232AA0F001158FA /* ComponentViewController.swift in Sources */ = {isa = PBXBuildFile; fileRef = 041559162232AA0F001158FA /* ComponentViewController.swift */; };
		042DBBFA22328EB4008831FE /* AppDelegate.swift in Sources */ = {isa = PBXBuildFile; fileRef = 042DBBF922328EB4008831FE /* AppDelegate.swift */; };
		042DBBFC22328EB4008831FE /* SplashViewController.swift in Sources */ = {isa = PBXBuildFile; fileRef = 042DBBFB22328EB4008831FE /* SplashViewController.swift */; };
		042DBC0122328EB6008831FE /* Assets.xcassets in Resources */ = {isa = PBXBuildFile; fileRef = 042DBC0022328EB6008831FE /* Assets.xcassets */; };
		042DBC0422328EB6008831FE /* LaunchScreen.storyboard in Resources */ = {isa = PBXBuildFile; fileRef = 042DBC0222328EB6008831FE /* LaunchScreen.storyboard */; };
		043DF1702235392700F686B1 /* SummaryViewController.swift in Sources */ = {isa = PBXBuildFile; fileRef = 043DF16F2235392700F686B1 /* SummaryViewController.swift */; };
		043DF17222353AED00F686B1 /* NavigationModule.swift in Sources */ = {isa = PBXBuildFile; fileRef = 043DF17122353AED00F686B1 /* NavigationModule.swift */; };
		043DF17422353EE300F686B1 /* SolidNavigationBar.swift in Sources */ = {isa = PBXBuildFile; fileRef = 043DF17322353EE300F686B1 /* SolidNavigationBar.swift */; };
		043DF1762235511A00F686B1 /* ButtonView.swift in Sources */ = {isa = PBXBuildFile; fileRef = 043DF1752235511A00F686B1 /* ButtonView.swift */; };
		0448C939223AEC9000D10606 /* LevelViewController.swift in Sources */ = {isa = PBXBuildFile; fileRef = 0448C938223AEC9000D10606 /* LevelViewController.swift */; };
		049B63442232A8F700AFB13B /* Pages in Resources */ = {isa = PBXBuildFile; fileRef = 049B63432232A8F700AFB13B /* Pages */; };
		049B634D2232BADC00AFB13B /* SplashAnimation.swift in Sources */ = {isa = PBXBuildFile; fileRef = 049B634A2232BADC00AFB13B /* SplashAnimation.swift */; };
		049B634E2232BADC00AFB13B /* PublisherLogo.swift in Sources */ = {isa = PBXBuildFile; fileRef = 049B634C2232BADC00AFB13B /* PublisherLogo.swift */; };
		049B63512232BBFD00AFB13B /* SplashAnimation.json in Resources */ = {isa = PBXBuildFile; fileRef = 049B63502232BBFC00AFB13B /* SplashAnimation.json */; };
		049B63542232C05400AFB13B /* SplashLoaderModule.swift in Sources */ = {isa = PBXBuildFile; fileRef = 049B63532232C05400AFB13B /* SplashLoaderModule.swift */; };
		049B63562232E9CB00AFB13B /* SplashLoadingBar.json in Resources */ = {isa = PBXBuildFile; fileRef = 049B63552232E9CB00AFB13B /* SplashLoadingBar.json */; };
		049B63582232EA1200AFB13B /* SplashLoadingBar.swift in Sources */ = {isa = PBXBuildFile; fileRef = 049B63572232EA1200AFB13B /* SplashLoadingBar.swift */; };
		049B635B2232F31E00AFB13B /* Localizable.strings in Resources */ = {isa = PBXBuildFile; fileRef = 049B63592232F31E00AFB13B /* Localizable.strings */; };
		049B635F2232FB7C00AFB13B /* primitive.ttf in Resources */ = {isa = PBXBuildFile; fileRef = 041558C42232A0BF001158FA /* primitive.ttf */; };
		049BCA412255EA72001BCEED /* Inflators.swift in Sources */ = {isa = PBXBuildFile; fileRef = 049BCA402255EA72001BCEED /* Inflators.swift */; };
		049C3B4B223A9FCE00856808 /* FilledRectGenerator.swift in Sources */ = {isa = PBXBuildFile; fileRef = 049C3B48223A9FCE00856808 /* FilledRectGenerator.swift */; };
		049C3B4C223A9FCE00856808 /* UIImageGenerator.swift in Sources */ = {isa = PBXBuildFile; fileRef = 049C3B49223A9FCE00856808 /* UIImageGenerator.swift */; };
		049C3B4D223A9FCE00856808 /* FilledOvalGenerator.swift in Sources */ = {isa = PBXBuildFile; fileRef = 049C3B4A223A9FCE00856808 /* FilledOvalGenerator.swift */; };
		04AA27752236AC6E0007FCAB /* SolidNavigationBar.json in Resources */ = {isa = PBXBuildFile; fileRef = 04AA27742236AC6E0007FCAB /* SolidNavigationBar.json */; };
		04BA4485224413AC0095B8F0 /* LevelEntitiesView.swift in Sources */ = {isa = PBXBuildFile; fileRef = 04BA4484224413AC0095B8F0 /* LevelEntitiesView.swift */; };
		04DD4DA4223AE90900BD5AA4 /* LevelView.swift in Sources */ = {isa = PBXBuildFile; fileRef = 04DD4DA3223AE90900BD5AA4 /* LevelView.swift */; };
		04E0FA21223E8F88006017D3 /* LevelWaveAnimationView.swift in Sources */ = {isa = PBXBuildFile; fileRef = 04E0FA20223E8F87006017D3 /* LevelWaveAnimationView.swift */; };
		04E0FA23223E9025006017D3 /* LevelTileMapView.swift in Sources */ = {isa = PBXBuildFile; fileRef = 04E0FA22223E9025006017D3 /* LevelTileMapView.swift */; };
		6F94BD396123AAB128D3E348 /* Pods_PiratesGame.framework in Frameworks */ = {isa = PBXBuildFile; fileRef = 4452BEDF3C337F85343B6AC4 /* Pods_PiratesGame.framework */; };
/* End PBXBuildFile section */

/* Begin PBXFileReference section */
		041558C42232A0BF001158FA /* primitive.ttf */ = {isa = PBXFileReference; lastKnownFileType = file; path = primitive.ttf; sourceTree = "<group>"; };
		041558C72232A200001158FA /* ScrollContainerView.swift */ = {isa = PBXFileReference; fileEncoding = 4; lastKnownFileType = sourcecode.swift; path = ScrollContainerView.swift; sourceTree = "<group>"; };
		041558C82232A200001158FA /* LinearContainerView.swift */ = {isa = PBXFileReference; fileEncoding = 4; lastKnownFileType = sourcecode.swift; path = LinearContainerView.swift; sourceTree = "<group>"; };
		041558C92232A200001158FA /* FrameContainerView.swift */ = {isa = PBXFileReference; fileEncoding = 4; lastKnownFileType = sourcecode.swift; path = FrameContainerView.swift; sourceTree = "<group>"; };
		041558CB2232A200001158FA /* TransparentNavigationBar.swift */ = {isa = PBXFileReference; fileEncoding = 4; lastKnownFileType = sourcecode.swift; path = TransparentNavigationBar.swift; sourceTree = "<group>"; };
		041558CD2232A200001158FA /* GradientView.swift */ = {isa = PBXFileReference; fileEncoding = 4; lastKnownFileType = sourcecode.swift; path = GradientView.swift; sourceTree = "<group>"; };
		041558CF2232A200001158FA /* TextViewlet.swift */ = {isa = PBXFileReference; fileEncoding = 4; lastKnownFileType = sourcecode.swift; path = TextViewlet.swift; sourceTree = "<group>"; };
		041558D02232A200001158FA /* SpacerViewlet.swift */ = {isa = PBXFileReference; fileEncoding = 4; lastKnownFileType = sourcecode.swift; path = SpacerViewlet.swift; sourceTree = "<group>"; };
		041558D12232A200001158FA /* ImageViewlet.swift */ = {isa = PBXFileReference; fileEncoding = 4; lastKnownFileType = sourcecode.swift; path = ImageViewlet.swift; sourceTree = "<group>"; };
		041558D22232A200001158FA /* SpinnerViewlet.swift */ = {isa = PBXFileReference; fileEncoding = 4; lastKnownFileType = sourcecode.swift; path = SpinnerViewlet.swift; sourceTree = "<group>"; };
		041558D42232A200001158FA /* AppColors.swift */ = {isa = PBXFileReference; fileEncoding = 4; lastKnownFileType = sourcecode.swift; path = AppColors.swift; sourceTree = "<group>"; };
		041558D52232A200001158FA /* AppDimensions.swift */ = {isa = PBXFileReference; fileEncoding = 4; lastKnownFileType = sourcecode.swift; path = AppDimensions.swift; sourceTree = "<group>"; };
		041558D62232A200001158FA /* AppFonts.swift */ = {isa = PBXFileReference; fileEncoding = 4; lastKnownFileType = sourcecode.swift; path = AppFonts.swift; sourceTree = "<group>"; };
		041558D82232A200001158FA /* ImageSource.swift */ = {isa = PBXFileReference; fileEncoding = 4; lastKnownFileType = sourcecode.swift; path = ImageSource.swift; sourceTree = "<group>"; };
		041558D92232A200001158FA /* MarkdownGenerator.swift */ = {isa = PBXFileReference; fileEncoding = 4; lastKnownFileType = sourcecode.swift; path = MarkdownGenerator.swift; sourceTree = "<group>"; };
		041558DA2232A200001158FA /* ViewletUtil.swift */ = {isa = PBXFileReference; fileEncoding = 4; lastKnownFileType = sourcecode.swift; path = ViewletUtil.swift; sourceTree = "<group>"; };
		041558DB2232A200001158FA /* NavigationBarComponent.swift */ = {isa = PBXFileReference; fileEncoding = 4; lastKnownFileType = sourcecode.swift; path = NavigationBarComponent.swift; sourceTree = "<group>"; };
		041558EE2232A42C001158FA /* String+MD5.swift */ = {isa = PBXFileReference; fileEncoding = 4; lastKnownFileType = sourcecode.swift; path = "String+MD5.swift"; sourceTree = "<group>"; };
		041558EF2232A42C001158FA /* Data+MD5.swift */ = {isa = PBXFileReference; fileEncoding = 4; lastKnownFileType = sourcecode.swift; path = "Data+MD5.swift"; sourceTree = "<group>"; };
		041558F02232A42C001158FA /* String+Localization.swift */ = {isa = PBXFileReference; fileEncoding = 4; lastKnownFileType = sourcecode.swift; path = "String+Localization.swift"; sourceTree = "<group>"; };
		041558F12232A42C001158FA /* String+URLCoding.swift */ = {isa = PBXFileReference; fileEncoding = 4; lastKnownFileType = sourcecode.swift; path = "String+URLCoding.swift"; sourceTree = "<group>"; };
		041558F32232A42C001158FA /* AppEvent.swift */ = {isa = PBXFileReference; fileEncoding = 4; lastKnownFileType = sourcecode.swift; path = AppEvent.swift; sourceTree = "<group>"; };
		041558F42232A42C001158FA /* AppEventType.swift */ = {isa = PBXFileReference; fileEncoding = 4; lastKnownFileType = sourcecode.swift; path = AppEventType.swift; sourceTree = "<group>"; };
		041558F52232A42C001158FA /* AppEventLabeledSender.swift */ = {isa = PBXFileReference; fileEncoding = 4; lastKnownFileType = sourcecode.swift; path = AppEventLabeledSender.swift; sourceTree = "<group>"; };
		041558F62232A42C001158FA /* AppEventObserver.swift */ = {isa = PBXFileReference; fileEncoding = 4; lastKnownFileType = sourcecode.swift; path = AppEventObserver.swift; sourceTree = "<group>"; };
		041558F82232A42C001158FA /* EventReceiverTool.swift */ = {isa = PBXFileReference; fileEncoding = 4; lastKnownFileType = sourcecode.swift; path = EventReceiverTool.swift; sourceTree = "<group>"; };
		041558FA2232A42C001158FA /* CustomAppConfigModel.swift */ = {isa = PBXFileReference; fileEncoding = 4; lastKnownFileType = sourcecode.swift; path = CustomAppConfigModel.swift; sourceTree = "<group>"; };
		041558FB2232A42C001158FA /* CustomAppConfigManager.swift */ = {isa = PBXFileReference; fileEncoding = 4; lastKnownFileType = sourcecode.swift; path = CustomAppConfigManager.swift; sourceTree = "<group>"; };
		0415590A2232A510001158FA /* PageCache.swift */ = {isa = PBXFileReference; fileEncoding = 4; lastKnownFileType = sourcecode.swift; path = PageCache.swift; sourceTree = "<group>"; };
		0415590B2232A510001158FA /* Page.swift */ = {isa = PBXFileReference; fileEncoding = 4; lastKnownFileType = sourcecode.swift; path = Page.swift; sourceTree = "<group>"; };
		0415590C2232A510001158FA /* PageLoader.swift */ = {isa = PBXFileReference; fileEncoding = 4; lastKnownFileType = sourcecode.swift; path = PageLoader.swift; sourceTree = "<group>"; };
		0415590E2232A510001158FA /* ControllerModule.swift */ = {isa = PBXFileReference; fileEncoding = 4; lastKnownFileType = sourcecode.swift; path = ControllerModule.swift; sourceTree = "<group>"; };
		041559102232A510001158FA /* AlertModule.swift */ = {isa = PBXFileReference; fileEncoding = 4; lastKnownFileType = sourcecode.swift; path = AlertModule.swift; sourceTree = "<group>"; };
		041559162232AA0F001158FA /* ComponentViewController.swift */ = {isa = PBXFileReference; fileEncoding = 4; lastKnownFileType = sourcecode.swift; path = ComponentViewController.swift; sourceTree = "<group>"; };
		042DBBF622328EB4008831FE /* PiratesGame.app */ = {isa = PBXFileReference; explicitFileType = wrapper.application; includeInIndex = 0; path = PiratesGame.app; sourceTree = BUILT_PRODUCTS_DIR; };
		042DBBF922328EB4008831FE /* AppDelegate.swift */ = {isa = PBXFileReference; lastKnownFileType = sourcecode.swift; path = AppDelegate.swift; sourceTree = "<group>"; };
		042DBBFB22328EB4008831FE /* SplashViewController.swift */ = {isa = PBXFileReference; lastKnownFileType = sourcecode.swift; path = SplashViewController.swift; sourceTree = "<group>"; };
		042DBC0022328EB6008831FE /* Assets.xcassets */ = {isa = PBXFileReference; lastKnownFileType = folder.assetcatalog; path = Assets.xcassets; sourceTree = "<group>"; };
		042DBC0322328EB6008831FE /* Base */ = {isa = PBXFileReference; lastKnownFileType = file.storyboard; name = Base; path = Base.lproj/LaunchScreen.storyboard; sourceTree = "<group>"; };
		042DBC0522328EB6008831FE /* Info.plist */ = {isa = PBXFileReference; lastKnownFileType = text.plist.xml; path = Info.plist; sourceTree = "<group>"; };
		043DF16F2235392700F686B1 /* SummaryViewController.swift */ = {isa = PBXFileReference; fileEncoding = 4; lastKnownFileType = sourcecode.swift; path = SummaryViewController.swift; sourceTree = "<group>"; };
		043DF17122353AED00F686B1 /* NavigationModule.swift */ = {isa = PBXFileReference; fileEncoding = 4; lastKnownFileType = sourcecode.swift; path = NavigationModule.swift; sourceTree = "<group>"; };
		043DF17322353EE300F686B1 /* SolidNavigationBar.swift */ = {isa = PBXFileReference; fileEncoding = 4; lastKnownFileType = sourcecode.swift; path = SolidNavigationBar.swift; sourceTree = "<group>"; };
		043DF1752235511A00F686B1 /* ButtonView.swift */ = {isa = PBXFileReference; fileEncoding = 4; lastKnownFileType = sourcecode.swift; path = ButtonView.swift; sourceTree = "<group>"; };
		0448C938223AEC9000D10606 /* LevelViewController.swift */ = {isa = PBXFileReference; fileEncoding = 4; lastKnownFileType = sourcecode.swift; path = LevelViewController.swift; sourceTree = "<group>"; };
		049B63432232A8F700AFB13B /* Pages */ = {isa = PBXFileReference; lastKnownFileType = folder; path = Pages; sourceTree = "<group>"; };
		049B634A2232BADC00AFB13B /* SplashAnimation.swift */ = {isa = PBXFileReference; fileEncoding = 4; lastKnownFileType = sourcecode.swift; path = SplashAnimation.swift; sourceTree = "<group>"; };
		049B634C2232BADC00AFB13B /* PublisherLogo.swift */ = {isa = PBXFileReference; fileEncoding = 4; lastKnownFileType = sourcecode.swift; path = PublisherLogo.swift; sourceTree = "<group>"; };
		049B63502232BBFC00AFB13B /* SplashAnimation.json */ = {isa = PBXFileReference; fileEncoding = 4; lastKnownFileType = text.json; path = SplashAnimation.json; sourceTree = "<group>"; };
		049B63532232C05400AFB13B /* SplashLoaderModule.swift */ = {isa = PBXFileReference; fileEncoding = 4; lastKnownFileType = sourcecode.swift; path = SplashLoaderModule.swift; sourceTree = "<group>"; };
		049B63552232E9CB00AFB13B /* SplashLoadingBar.json */ = {isa = PBXFileReference; fileEncoding = 4; lastKnownFileType = text.json; path = SplashLoadingBar.json; sourceTree = "<group>"; };
		049B63572232EA1200AFB13B /* SplashLoadingBar.swift */ = {isa = PBXFileReference; fileEncoding = 4; lastKnownFileType = sourcecode.swift; path = SplashLoadingBar.swift; sourceTree = "<group>"; };
		049B635A2232F31E00AFB13B /* Base */ = {isa = PBXFileReference; lastKnownFileType = text.plist.strings; name = Base; path = Base.lproj/Localizable.strings; sourceTree = "<group>"; };
		049BCA402255EA72001BCEED /* Inflators.swift */ = {isa = PBXFileReference; fileEncoding = 4; lastKnownFileType = sourcecode.swift; path = Inflators.swift; sourceTree = "<group>"; };
		049C3B48223A9FCE00856808 /* FilledRectGenerator.swift */ = {isa = PBXFileReference; fileEncoding = 4; lastKnownFileType = sourcecode.swift; path = FilledRectGenerator.swift; sourceTree = "<group>"; };
		049C3B49223A9FCE00856808 /* UIImageGenerator.swift */ = {isa = PBXFileReference; fileEncoding = 4; lastKnownFileType = sourcecode.swift; path = UIImageGenerator.swift; sourceTree = "<group>"; };
		049C3B4A223A9FCE00856808 /* FilledOvalGenerator.swift */ = {isa = PBXFileReference; fileEncoding = 4; lastKnownFileType = sourcecode.swift; path = FilledOvalGenerator.swift; sourceTree = "<group>"; };
		04AA27742236AC6E0007FCAB /* SolidNavigationBar.json */ = {isa = PBXFileReference; fileEncoding = 4; lastKnownFileType = text.json; path = SolidNavigationBar.json; sourceTree = "<group>"; };
		04BA4484224413AC0095B8F0 /* LevelEntitiesView.swift */ = {isa = PBXFileReference; fileEncoding = 4; lastKnownFileType = sourcecode.swift; path = LevelEntitiesView.swift; sourceTree = "<group>"; };
		04DD4DA3223AE90900BD5AA4 /* LevelView.swift */ = {isa = PBXFileReference; fileEncoding = 4; lastKnownFileType = sourcecode.swift; path = LevelView.swift; sourceTree = "<group>"; };
		04E0FA20223E8F87006017D3 /* LevelWaveAnimationView.swift */ = {isa = PBXFileReference; fileEncoding = 4; lastKnownFileType = sourcecode.swift; path = LevelWaveAnimationView.swift; sourceTree = "<group>"; };
		04E0FA22223E9025006017D3 /* LevelTileMapView.swift */ = {isa = PBXFileReference; fileEncoding = 4; lastKnownFileType = sourcecode.swift; path = LevelTileMapView.swift; sourceTree = "<group>"; };
		4452BEDF3C337F85343B6AC4 /* Pods_PiratesGame.framework */ = {isa = PBXFileReference; explicitFileType = wrapper.framework; includeInIndex = 0; path = Pods_PiratesGame.framework; sourceTree = BUILT_PRODUCTS_DIR; };
		5EA8F4D7E84768DD64D8AEFD /* Pods-PiratesGame.release.xcconfig */ = {isa = PBXFileReference; includeInIndex = 1; lastKnownFileType = text.xcconfig; name = "Pods-PiratesGame.release.xcconfig"; path = "Pods/Target Support Files/Pods-PiratesGame/Pods-PiratesGame.release.xcconfig"; sourceTree = "<group>"; };
		8C90D63019B06504E85C7A4E /* Pods-PiratesGame.debug.xcconfig */ = {isa = PBXFileReference; includeInIndex = 1; lastKnownFileType = text.xcconfig; name = "Pods-PiratesGame.debug.xcconfig"; path = "Pods/Target Support Files/Pods-PiratesGame/Pods-PiratesGame.debug.xcconfig"; sourceTree = "<group>"; };
/* End PBXFileReference section */

/* Begin PBXFrameworksBuildPhase section */
		042DBBF322328EB4008831FE /* Frameworks */ = {
			isa = PBXFrameworksBuildPhase;
			buildActionMask = 2147483647;
			files = (
				6F94BD396123AAB128D3E348 /* Pods_PiratesGame.framework in Frameworks */,
			);
			runOnlyForDeploymentPostprocessing = 0;
		};
/* End PBXFrameworksBuildPhase section */

/* Begin PBXGroup section */
		041558C22232A067001158FA /* Resources */ = {
			isa = PBXGroup;
			children = (
				041558C32232A08C001158FA /* Fonts */,
				042DBC0022328EB6008831FE /* Assets.xcassets */,
			);
			path = Resources;
			sourceTree = "<group>";
		};
		041558C32232A08C001158FA /* Fonts */ = {
			isa = PBXGroup;
			children = (
				041558C42232A0BF001158FA /* primitive.ttf */,
			);
			path = Fonts;
			sourceTree = "<group>";
		};
		041558C52232A1CF001158FA /* Components */ = {
			isa = PBXGroup;
			children = (
				041558CC2232A200001158FA /* BasicViews */,
				049B634B2232BADC00AFB13B /* ComplexViews */,
				049B63492232BADC00AFB13B /* CompoundViews */,
				041558C62232A200001158FA /* Containers */,
				04DD4DA2223AE90900BD5AA4 /* Game */,
				049B634F2232BBFC00AFB13B /* Layout */,
				041558CA2232A200001158FA /* NavigationBars */,
				041558CE2232A200001158FA /* SimpleViewlets */,
				041558D32232A200001158FA /* Styling */,
				041558D72232A200001158FA /* Utility */,
			);
			path = Components;
			sourceTree = "<group>";
		};
		041558C62232A200001158FA /* Containers */ = {
			isa = PBXGroup;
			children = (
				041558C72232A200001158FA /* ScrollContainerView.swift */,
				041558C82232A200001158FA /* LinearContainerView.swift */,
				041558C92232A200001158FA /* FrameContainerView.swift */,
			);
			path = Containers;
			sourceTree = "<group>";
		};
		041558CA2232A200001158FA /* NavigationBars */ = {
			isa = PBXGroup;
			children = (
				043DF17322353EE300F686B1 /* SolidNavigationBar.swift */,
				041558CB2232A200001158FA /* TransparentNavigationBar.swift */,
			);
			path = NavigationBars;
			sourceTree = "<group>";
		};
		041558CC2232A200001158FA /* BasicViews */ = {
			isa = PBXGroup;
			children = (
				043DF1752235511A00F686B1 /* ButtonView.swift */,
				041558CD2232A200001158FA /* GradientView.swift */,
			);
			path = BasicViews;
			sourceTree = "<group>";
		};
		041558CE2232A200001158FA /* SimpleViewlets */ = {
			isa = PBXGroup;
			children = (
				041558CF2232A200001158FA /* TextViewlet.swift */,
				041558D02232A200001158FA /* SpacerViewlet.swift */,
				041558D12232A200001158FA /* ImageViewlet.swift */,
				041558D22232A200001158FA /* SpinnerViewlet.swift */,
			);
			path = SimpleViewlets;
			sourceTree = "<group>";
		};
		041558D32232A200001158FA /* Styling */ = {
			isa = PBXGroup;
			children = (
				041558D42232A200001158FA /* AppColors.swift */,
				041558D52232A200001158FA /* AppDimensions.swift */,
				041558D62232A200001158FA /* AppFonts.swift */,
			);
			path = Styling;
			sourceTree = "<group>";
		};
		041558D72232A200001158FA /* Utility */ = {
			isa = PBXGroup;
			children = (
				041558D82232A200001158FA /* ImageSource.swift */,
				041558D92232A200001158FA /* MarkdownGenerator.swift */,
				041558DA2232A200001158FA /* ViewletUtil.swift */,
				041558DB2232A200001158FA /* NavigationBarComponent.swift */,
			);
			path = Utility;
			sourceTree = "<group>";
		};
		041558EC2232A407001158FA /* Infrastructure */ = {
			isa = PBXGroup;
			children = (
				041558F92232A42C001158FA /* AppConfig */,
				041558ED2232A42C001158FA /* CoreExtensions */,
				041558F22232A42C001158FA /* Events */,
				049C3B47223A9FCE00856808 /* ImageGenerators */,
				049BCA3F2255EA72001BCEED /* Inflator */,
				041558F72232A42C001158FA /* Tools */,
			);
			path = Infrastructure;
			sourceTree = "<group>";
		};
		041558ED2232A42C001158FA /* CoreExtensions */ = {
			isa = PBXGroup;
			children = (
				041558EE2232A42C001158FA /* String+MD5.swift */,
				041558EF2232A42C001158FA /* Data+MD5.swift */,
				041558F02232A42C001158FA /* String+Localization.swift */,
				041558F12232A42C001158FA /* String+URLCoding.swift */,
			);
			path = CoreExtensions;
			sourceTree = "<group>";
		};
		041558F22232A42C001158FA /* Events */ = {
			isa = PBXGroup;
			children = (
				041558F32232A42C001158FA /* AppEvent.swift */,
				041558F42232A42C001158FA /* AppEventType.swift */,
				041558F52232A42C001158FA /* AppEventLabeledSender.swift */,
				041558F62232A42C001158FA /* AppEventObserver.swift */,
			);
			path = Events;
			sourceTree = "<group>";
		};
		041558F72232A42C001158FA /* Tools */ = {
			isa = PBXGroup;
			children = (
				041558F82232A42C001158FA /* EventReceiverTool.swift */,
			);
			path = Tools;
			sourceTree = "<group>";
		};
		041558F92232A42C001158FA /* AppConfig */ = {
			isa = PBXGroup;
			children = (
				041558FA2232A42C001158FA /* CustomAppConfigModel.swift */,
				041558FB2232A42C001158FA /* CustomAppConfigManager.swift */,
			);
			path = AppConfig;
			sourceTree = "<group>";
		};
		041559072232A4A8001158FA /* Page */ = {
			isa = PBXGroup;
			children = (
				0415590D2232A510001158FA /* Modules */,
				041559092232A510001158FA /* Storage */,
				041559082232A4C7001158FA /* ViewControllers */,
			);
			path = Page;
			sourceTree = "<group>";
		};
		041559082232A4C7001158FA /* ViewControllers */ = {
			isa = PBXGroup;
			children = (
				041559162232AA0F001158FA /* ComponentViewController.swift */,
				0448C938223AEC9000D10606 /* LevelViewController.swift */,
				042DBBFB22328EB4008831FE /* SplashViewController.swift */,
				043DF16F2235392700F686B1 /* SummaryViewController.swift */,
			);
			path = ViewControllers;
			sourceTree = "<group>";
		};
		041559092232A510001158FA /* Storage */ = {
			isa = PBXGroup;
			children = (
				0415590A2232A510001158FA /* PageCache.swift */,
				0415590B2232A510001158FA /* Page.swift */,
				0415590C2232A510001158FA /* PageLoader.swift */,
			);
			path = Storage;
			sourceTree = "<group>";
		};
		0415590D2232A510001158FA /* Modules */ = {
			isa = PBXGroup;
			children = (
				0415590F2232A510001158FA /* Shared */,
				049B63522232C05400AFB13B /* Splash */,
				0415590E2232A510001158FA /* ControllerModule.swift */,
			);
			path = Modules;
			sourceTree = "<group>";
		};
		0415590F2232A510001158FA /* Shared */ = {
			isa = PBXGroup;
			children = (
				041559102232A510001158FA /* AlertModule.swift */,
				043DF17122353AED00F686B1 /* NavigationModule.swift */,
			);
			path = Shared;
			sourceTree = "<group>";
		};
		042DBBED22328EB4008831FE = {
			isa = PBXGroup;
			children = (
				049B63432232A8F700AFB13B /* Pages */,
				042DBBF822328EB4008831FE /* PiratesGame */,
				042DBBF722328EB4008831FE /* Products */,
				DFAEC001F9F3E032DCCAD098 /* Pods */,
				8C8EF92CFFEA91BD3684FBA4 /* Frameworks */,
			);
			sourceTree = "<group>";
		};
		042DBBF722328EB4008831FE /* Products */ = {
			isa = PBXGroup;
			children = (
				042DBBF622328EB4008831FE /* PiratesGame.app */,
			);
			name = Products;
			sourceTree = "<group>";
		};
		042DBBF822328EB4008831FE /* PiratesGame */ = {
			isa = PBXGroup;
			children = (
				041558C52232A1CF001158FA /* Components */,
				041558EC2232A407001158FA /* Infrastructure */,
				041559072232A4A8001158FA /* Page */,
				041558C22232A067001158FA /* Resources */,
				042DBBF922328EB4008831FE /* AppDelegate.swift */,
				042DBC0222328EB6008831FE /* LaunchScreen.storyboard */,
				049B63592232F31E00AFB13B /* Localizable.strings */,
				042DBC0522328EB6008831FE /* Info.plist */,
			);
			path = PiratesGame;
			sourceTree = "<group>";
		};
		049B63492232BADC00AFB13B /* CompoundViews */ = {
			isa = PBXGroup;
			children = (
				049B634A2232BADC00AFB13B /* SplashAnimation.swift */,
				049B63572232EA1200AFB13B /* SplashLoadingBar.swift */,
			);
			path = CompoundViews;
			sourceTree = "<group>";
		};
		049B634B2232BADC00AFB13B /* ComplexViews */ = {
			isa = PBXGroup;
			children = (
				049B634C2232BADC00AFB13B /* PublisherLogo.swift */,
			);
			path = ComplexViews;
			sourceTree = "<group>";
		};
		049B634F2232BBFC00AFB13B /* Layout */ = {
			isa = PBXGroup;
			children = (
				04AA27742236AC6E0007FCAB /* SolidNavigationBar.json */,
				049B63502232BBFC00AFB13B /* SplashAnimation.json */,
				049B63552232E9CB00AFB13B /* SplashLoadingBar.json */,
			);
			path = Layout;
			sourceTree = "<group>";
		};
		049B63522232C05400AFB13B /* Splash */ = {
			isa = PBXGroup;
			children = (
				049B63532232C05400AFB13B /* SplashLoaderModule.swift */,
			);
			path = Splash;
			sourceTree = "<group>";
		};
		049BCA3F2255EA72001BCEED /* Inflator */ = {
			isa = PBXGroup;
			children = (
				049BCA402255EA72001BCEED /* Inflators.swift */,
			);
			path = Inflator;
			sourceTree = "<group>";
		};
		049C3B47223A9FCE00856808 /* ImageGenerators */ = {
			isa = PBXGroup;
			children = (
				049C3B48223A9FCE00856808 /* FilledRectGenerator.swift */,
				049C3B49223A9FCE00856808 /* UIImageGenerator.swift */,
				049C3B4A223A9FCE00856808 /* FilledOvalGenerator.swift */,
			);
			path = ImageGenerators;
			sourceTree = "<group>";
		};
		04DD4DA2223AE90900BD5AA4 /* Game */ = {
			isa = PBXGroup;
			children = (
				04E0FA1F223E8F87006017D3 /* LevelHelpers */,
				04DD4DA3223AE90900BD5AA4 /* LevelView.swift */,
			);
			path = Game;
			sourceTree = "<group>";
		};
		04E0FA1F223E8F87006017D3 /* LevelHelpers */ = {
			isa = PBXGroup;
			children = (
				04BA4484224413AC0095B8F0 /* LevelEntitiesView.swift */,
				04E0FA22223E9025006017D3 /* LevelTileMapView.swift */,
				04E0FA20223E8F87006017D3 /* LevelWaveAnimationView.swift */,
			);
			path = LevelHelpers;
			sourceTree = "<group>";
		};
		8C8EF92CFFEA91BD3684FBA4 /* Frameworks */ = {
			isa = PBXGroup;
			children = (
				4452BEDF3C337F85343B6AC4 /* Pods_PiratesGame.framework */,
			);
			name = Frameworks;
			sourceTree = "<group>";
		};
		DFAEC001F9F3E032DCCAD098 /* Pods */ = {
			isa = PBXGroup;
			children = (
				8C90D63019B06504E85C7A4E /* Pods-PiratesGame.debug.xcconfig */,
				5EA8F4D7E84768DD64D8AEFD /* Pods-PiratesGame.release.xcconfig */,
			);
			name = Pods;
			sourceTree = "<group>";
		};
/* End PBXGroup section */

/* Begin PBXNativeTarget section */
		042DBBF522328EB4008831FE /* PiratesGame */ = {
			isa = PBXNativeTarget;
			buildConfigurationList = 042DBC0822328EB6008831FE /* Build configuration list for PBXNativeTarget "PiratesGame" */;
			buildPhases = (
				34A471E106FA49B8D15E7F9B /* [CP] Check Pods Manifest.lock */,
				042DBBF222328EB4008831FE /* Sources */,
				042DBBF322328EB4008831FE /* Frameworks */,
				042DBBF422328EB4008831FE /* Resources */,
				B48A8AAB66B670FB075E3A18 /* [CP] Embed Pods Frameworks */,
			);
			buildRules = (
			);
			dependencies = (
			);
			name = PiratesGame;
			productName = "Pirates Game";
			productReference = 042DBBF622328EB4008831FE /* PiratesGame.app */;
			productType = "com.apple.product-type.application";
		};
/* End PBXNativeTarget section */

/* Begin PBXProject section */
		042DBBEE22328EB4008831FE /* Project object */ = {
			isa = PBXProject;
			attributes = {
				LastSwiftUpdateCheck = 1010;
				LastUpgradeCheck = 1010;
				ORGANIZATIONNAME = crescentflare;
				TargetAttributes = {
					042DBBF522328EB4008831FE = {
						CreatedOnToolsVersion = 10.1;
						LastSwiftMigration = 1020;
					};
				};
			};
			buildConfigurationList = 042DBBF122328EB4008831FE /* Build configuration list for PBXProject "Pirates Game" */;
			compatibilityVersion = "Xcode 9.3";
			developmentRegion = en;
			hasScannedForEncodings = 0;
			knownRegions = (
				en,
				Base,
			);
			mainGroup = 042DBBED22328EB4008831FE;
			productRefGroup = 042DBBF722328EB4008831FE /* Products */;
			projectDirPath = "";
			projectRoot = "";
			targets = (
				042DBBF522328EB4008831FE /* PiratesGame */,
			);
		};
/* End PBXProject section */

/* Begin PBXResourcesBuildPhase section */
		042DBBF422328EB4008831FE /* Resources */ = {
			isa = PBXResourcesBuildPhase;
			buildActionMask = 2147483647;
			files = (
				049B63442232A8F700AFB13B /* Pages in Resources */,
				049B635B2232F31E00AFB13B /* Localizable.strings in Resources */,
				042DBC0422328EB6008831FE /* LaunchScreen.storyboard in Resources */,
				042DBC0122328EB6008831FE /* Assets.xcassets in Resources */,
				049B63562232E9CB00AFB13B /* SplashLoadingBar.json in Resources */,
				049B635F2232FB7C00AFB13B /* primitive.ttf in Resources */,
				049B63512232BBFD00AFB13B /* SplashAnimation.json in Resources */,
				04AA27752236AC6E0007FCAB /* SolidNavigationBar.json in Resources */,
			);
			runOnlyForDeploymentPostprocessing = 0;
		};
/* End PBXResourcesBuildPhase section */

/* Begin PBXShellScriptBuildPhase section */
		34A471E106FA49B8D15E7F9B /* [CP] Check Pods Manifest.lock */ = {
			isa = PBXShellScriptBuildPhase;
			buildActionMask = 2147483647;
			files = (
			);
			inputPaths = (
				"${PODS_PODFILE_DIR_PATH}/Podfile.lock",
				"${PODS_ROOT}/Manifest.lock",
			);
			name = "[CP] Check Pods Manifest.lock";
			outputPaths = (
				"$(DERIVED_FILE_DIR)/Pods-PiratesGame-checkManifestLockResult.txt",
			);
			runOnlyForDeploymentPostprocessing = 0;
			shellPath = /bin/sh;
			shellScript = "diff \"${PODS_PODFILE_DIR_PATH}/Podfile.lock\" \"${PODS_ROOT}/Manifest.lock\" > /dev/null\nif [ $? != 0 ] ; then\n    # print error to STDERR\n    echo \"error: The sandbox is not in sync with the Podfile.lock. Run 'pod install' or update your CocoaPods installation.\" >&2\n    exit 1\nfi\n# This output is used by Xcode 'outputs' to avoid re-running this script phase.\necho \"SUCCESS\" > \"${SCRIPT_OUTPUT_FILE_0}\"\n";
			showEnvVarsInLog = 0;
		};
		B48A8AAB66B670FB075E3A18 /* [CP] Embed Pods Frameworks */ = {
			isa = PBXShellScriptBuildPhase;
			buildActionMask = 2147483647;
			files = (
			);
			inputFileListPaths = (
				"${PODS_ROOT}/Target Support Files/Pods-PiratesGame/Pods-PiratesGame-frameworks-${CONFIGURATION}-input-files.xcfilelist",
			);
			name = "[CP] Embed Pods Frameworks";
			outputFileListPaths = (
				"${PODS_ROOT}/Target Support Files/Pods-PiratesGame/Pods-PiratesGame-frameworks-${CONFIGURATION}-output-files.xcfilelist",
			);
			runOnlyForDeploymentPostprocessing = 0;
			shellPath = /bin/sh;
			shellScript = "\"${PODS_ROOT}/Target Support Files/Pods-PiratesGame/Pods-PiratesGame-frameworks.sh\"\n";
			showEnvVarsInLog = 0;
		};
/* End PBXShellScriptBuildPhase section */

/* Begin PBXSourcesBuildPhase section */
		042DBBF222328EB4008831FE /* Sources */ = {
			isa = PBXSourcesBuildPhase;
			buildActionMask = 2147483647;
			files = (
				043DF1762235511A00F686B1 /* ButtonView.swift in Sources */,
				041559142232A510001158FA /* ControllerModule.swift in Sources */,
				049B634E2232BADC00AFB13B /* PublisherLogo.swift in Sources */,
				042DBBFC22328EB4008831FE /* SplashViewController.swift in Sources */,
				049C3B4C223A9FCE00856808 /* UIImageGenerator.swift in Sources */,
				049B63582232EA1200AFB13B /* SplashLoadingBar.swift in Sources */,
				041558E82232A200001158FA /* ImageSource.swift in Sources */,
				04BA4485224413AC0095B8F0 /* LevelEntitiesView.swift in Sources */,
				041559022232A42C001158FA /* AppEventLabeledSender.swift in Sources */,
				04E0FA23223E9025006017D3 /* LevelTileMapView.swift in Sources */,
				041558E12232A200001158FA /* TextViewlet.swift in Sources */,
				043DF17422353EE300F686B1 /* SolidNavigationBar.swift in Sources */,
				041559052232A42C001158FA /* CustomAppConfigModel.swift in Sources */,
				041558E72232A200001158FA /* AppFonts.swift in Sources */,
				041558DE2232A200001158FA /* FrameContainerView.swift in Sources */,
				041559112232A510001158FA /* PageCache.swift in Sources */,
				041559042232A42C001158FA /* EventReceiverTool.swift in Sources */,
				041559032232A42C001158FA /* AppEventObserver.swift in Sources */,
				041558DF2232A200001158FA /* TransparentNavigationBar.swift in Sources */,
				041558E32232A200001158FA /* ImageViewlet.swift in Sources */,
				041558E42232A200001158FA /* SpinnerViewlet.swift in Sources */,
				041558DD2232A200001158FA /* LinearContainerView.swift in Sources */,
				041558E02232A200001158FA /* GradientView.swift in Sources */,
				041558FF2232A42C001158FA /* String+URLCoding.swift in Sources */,
				049C3B4B223A9FCE00856808 /* FilledRectGenerator.swift in Sources */,
				043DF1702235392700F686B1 /* SummaryViewController.swift in Sources */,
				041558E62232A200001158FA /* AppDimensions.swift in Sources */,
				042DBBFA22328EB4008831FE /* AppDelegate.swift in Sources */,
				041559002232A42C001158FA /* AppEvent.swift in Sources */,
				0448C939223AEC9000D10606 /* LevelViewController.swift in Sources */,
				049C3B4D223A9FCE00856808 /* FilledOvalGenerator.swift in Sources */,
				041558FE2232A42C001158FA /* String+Localization.swift in Sources */,
				041558FD2232A42C001158FA /* Data+MD5.swift in Sources */,
				049B63542232C05400AFB13B /* SplashLoaderModule.swift in Sources */,
				04DD4DA4223AE90900BD5AA4 /* LevelView.swift in Sources */,
				041558E92232A200001158FA /* MarkdownGenerator.swift in Sources */,
				041558E52232A200001158FA /* AppColors.swift in Sources */,
				041559062232A42C001158FA /* CustomAppConfigManager.swift in Sources */,
				041559012232A42C001158FA /* AppEventType.swift in Sources */,
				043DF17222353AED00F686B1 /* NavigationModule.swift in Sources */,
				041558DC2232A200001158FA /* ScrollContainerView.swift in Sources */,
				041558EB2232A200001158FA /* NavigationBarComponent.swift in Sources */,
				041559152232A510001158FA /* AlertModule.swift in Sources */,
				041558FC2232A42C001158FA /* String+MD5.swift in Sources */,
				041558E22232A200001158FA /* SpacerViewlet.swift in Sources */,
				041559172232AA0F001158FA /* ComponentViewController.swift in Sources */,
				041559122232A510001158FA /* Page.swift in Sources */,
				04E0FA21223E8F88006017D3 /* LevelWaveAnimationView.swift in Sources */,
				049BCA412255EA72001BCEED /* Inflators.swift in Sources */,
				041558EA2232A200001158FA /* ViewletUtil.swift in Sources */,
				041559132232A510001158FA /* PageLoader.swift in Sources */,
				049B634D2232BADC00AFB13B /* SplashAnimation.swift in Sources */,
			);
			runOnlyForDeploymentPostprocessing = 0;
		};
/* End PBXSourcesBuildPhase section */

/* Begin PBXVariantGroup section */
		042DBC0222328EB6008831FE /* LaunchScreen.storyboard */ = {
			isa = PBXVariantGroup;
			children = (
				042DBC0322328EB6008831FE /* Base */,
			);
			name = LaunchScreen.storyboard;
			sourceTree = "<group>";
		};
		049B63592232F31E00AFB13B /* Localizable.strings */ = {
			isa = PBXVariantGroup;
			children = (
				049B635A2232F31E00AFB13B /* Base */,
			);
			name = Localizable.strings;
			sourceTree = "<group>";
		};
/* End PBXVariantGroup section */

/* Begin XCBuildConfiguration section */
		042DBC0622328EB6008831FE /* Debug */ = {
			isa = XCBuildConfiguration;
			buildSettings = {
				ALWAYS_SEARCH_USER_PATHS = NO;
				CLANG_ANALYZER_NONNULL = YES;
				CLANG_ANALYZER_NUMBER_OBJECT_CONVERSION = YES_AGGRESSIVE;
				CLANG_CXX_LANGUAGE_STANDARD = "gnu++14";
				CLANG_CXX_LIBRARY = "libc++";
				CLANG_ENABLE_MODULES = YES;
				CLANG_ENABLE_OBJC_ARC = YES;
				CLANG_ENABLE_OBJC_WEAK = YES;
				CLANG_WARN_BLOCK_CAPTURE_AUTORELEASING = YES;
				CLANG_WARN_BOOL_CONVERSION = YES;
				CLANG_WARN_COMMA = YES;
				CLANG_WARN_CONSTANT_CONVERSION = YES;
				CLANG_WARN_DEPRECATED_OBJC_IMPLEMENTATIONS = YES;
				CLANG_WARN_DIRECT_OBJC_ISA_USAGE = YES_ERROR;
				CLANG_WARN_DOCUMENTATION_COMMENTS = YES;
				CLANG_WARN_EMPTY_BODY = YES;
				CLANG_WARN_ENUM_CONVERSION = YES;
				CLANG_WARN_INFINITE_RECURSION = YES;
				CLANG_WARN_INT_CONVERSION = YES;
				CLANG_WARN_NON_LITERAL_NULL_CONVERSION = YES;
				CLANG_WARN_OBJC_IMPLICIT_RETAIN_SELF = YES;
				CLANG_WARN_OBJC_LITERAL_CONVERSION = YES;
				CLANG_WARN_OBJC_ROOT_CLASS = YES_ERROR;
				CLANG_WARN_RANGE_LOOP_ANALYSIS = YES;
				CLANG_WARN_STRICT_PROTOTYPES = YES;
				CLANG_WARN_SUSPICIOUS_MOVE = YES;
				CLANG_WARN_UNGUARDED_AVAILABILITY = YES_AGGRESSIVE;
				CLANG_WARN_UNREACHABLE_CODE = YES;
				CLANG_WARN__DUPLICATE_METHOD_MATCH = YES;
				CODE_SIGN_IDENTITY = "iPhone Developer";
				COPY_PHASE_STRIP = NO;
				DEBUG_INFORMATION_FORMAT = dwarf;
				ENABLE_STRICT_OBJC_MSGSEND = YES;
				ENABLE_TESTABILITY = YES;
				GCC_C_LANGUAGE_STANDARD = gnu11;
				GCC_DYNAMIC_NO_PIC = NO;
				GCC_NO_COMMON_BLOCKS = YES;
				GCC_OPTIMIZATION_LEVEL = 0;
				GCC_PREPROCESSOR_DEFINITIONS = (
					"DEBUG=1",
					"$(inherited)",
				);
				GCC_WARN_64_TO_32_BIT_CONVERSION = YES;
				GCC_WARN_ABOUT_RETURN_TYPE = YES_ERROR;
				GCC_WARN_UNDECLARED_SELECTOR = YES;
				GCC_WARN_UNINITIALIZED_AUTOS = YES_AGGRESSIVE;
				GCC_WARN_UNUSED_FUNCTION = YES;
				GCC_WARN_UNUSED_VARIABLE = YES;
				IPHONEOS_DEPLOYMENT_TARGET = 12.1;
				MTL_ENABLE_DEBUG_INFO = INCLUDE_SOURCE;
				MTL_FAST_MATH = YES;
				ONLY_ACTIVE_ARCH = YES;
				SDKROOT = iphoneos;
				SWIFT_ACTIVE_COMPILATION_CONDITIONS = DEBUG;
				SWIFT_OPTIMIZATION_LEVEL = "-Onone";
			};
			name = Debug;
		};
		042DBC0722328EB6008831FE /* Release */ = {
			isa = XCBuildConfiguration;
			buildSettings = {
				ALWAYS_SEARCH_USER_PATHS = NO;
				CLANG_ANALYZER_NONNULL = YES;
				CLANG_ANALYZER_NUMBER_OBJECT_CONVERSION = YES_AGGRESSIVE;
				CLANG_CXX_LANGUAGE_STANDARD = "gnu++14";
				CLANG_CXX_LIBRARY = "libc++";
				CLANG_ENABLE_MODULES = YES;
				CLANG_ENABLE_OBJC_ARC = YES;
				CLANG_ENABLE_OBJC_WEAK = YES;
				CLANG_WARN_BLOCK_CAPTURE_AUTORELEASING = YES;
				CLANG_WARN_BOOL_CONVERSION = YES;
				CLANG_WARN_COMMA = YES;
				CLANG_WARN_CONSTANT_CONVERSION = YES;
				CLANG_WARN_DEPRECATED_OBJC_IMPLEMENTATIONS = YES;
				CLANG_WARN_DIRECT_OBJC_ISA_USAGE = YES_ERROR;
				CLANG_WARN_DOCUMENTATION_COMMENTS = YES;
				CLANG_WARN_EMPTY_BODY = YES;
				CLANG_WARN_ENUM_CONVERSION = YES;
				CLANG_WARN_INFINITE_RECURSION = YES;
				CLANG_WARN_INT_CONVERSION = YES;
				CLANG_WARN_NON_LITERAL_NULL_CONVERSION = YES;
				CLANG_WARN_OBJC_IMPLICIT_RETAIN_SELF = YES;
				CLANG_WARN_OBJC_LITERAL_CONVERSION = YES;
				CLANG_WARN_OBJC_ROOT_CLASS = YES_ERROR;
				CLANG_WARN_RANGE_LOOP_ANALYSIS = YES;
				CLANG_WARN_STRICT_PROTOTYPES = YES;
				CLANG_WARN_SUSPICIOUS_MOVE = YES;
				CLANG_WARN_UNGUARDED_AVAILABILITY = YES_AGGRESSIVE;
				CLANG_WARN_UNREACHABLE_CODE = YES;
				CLANG_WARN__DUPLICATE_METHOD_MATCH = YES;
				CODE_SIGN_IDENTITY = "iPhone Developer";
				COPY_PHASE_STRIP = NO;
				DEBUG_INFORMATION_FORMAT = "dwarf-with-dsym";
				ENABLE_NS_ASSERTIONS = NO;
				ENABLE_STRICT_OBJC_MSGSEND = YES;
				GCC_C_LANGUAGE_STANDARD = gnu11;
				GCC_NO_COMMON_BLOCKS = YES;
				GCC_WARN_64_TO_32_BIT_CONVERSION = YES;
				GCC_WARN_ABOUT_RETURN_TYPE = YES_ERROR;
				GCC_WARN_UNDECLARED_SELECTOR = YES;
				GCC_WARN_UNINITIALIZED_AUTOS = YES_AGGRESSIVE;
				GCC_WARN_UNUSED_FUNCTION = YES;
				GCC_WARN_UNUSED_VARIABLE = YES;
				IPHONEOS_DEPLOYMENT_TARGET = 12.1;
				MTL_ENABLE_DEBUG_INFO = NO;
				MTL_FAST_MATH = YES;
				SDKROOT = iphoneos;
				SWIFT_COMPILATION_MODE = wholemodule;
				SWIFT_OPTIMIZATION_LEVEL = "-O";
				VALIDATE_PRODUCT = YES;
			};
			name = Release;
		};
		042DBC0922328EB6008831FE /* Debug */ = {
			isa = XCBuildConfiguration;
			baseConfigurationReference = 8C90D63019B06504E85C7A4E /* Pods-PiratesGame.debug.xcconfig */;
			buildSettings = {
				ASSETCATALOG_COMPILER_APPICON_NAME = AppIcon;
				CODE_SIGN_STYLE = Automatic;
				INFOPLIST_FILE = PiratesGame/Info.plist;
				IPHONEOS_DEPLOYMENT_TARGET = 9.0;
				LD_RUNPATH_SEARCH_PATHS = (
					"$(inherited)",
					"@executable_path/Frameworks",
				);
				PRODUCT_BUNDLE_IDENTIFIER = "com.crescentflare.Pirates-Game";
				PRODUCT_NAME = "$(TARGET_NAME)";
				SWIFT_VERSION = 5.0;
				TARGETED_DEVICE_FAMILY = "1,2";
			};
			name = Debug;
		};
		042DBC0A22328EB6008831FE /* Release */ = {
			isa = XCBuildConfiguration;
			baseConfigurationReference = 5EA8F4D7E84768DD64D8AEFD /* Pods-PiratesGame.release.xcconfig */;
			buildSettings = {
				ASSETCATALOG_COMPILER_APPICON_NAME = AppIcon;
				CODE_SIGN_STYLE = Automatic;
				INFOPLIST_FILE = PiratesGame/Info.plist;
				IPHONEOS_DEPLOYMENT_TARGET = 9.0;
				LD_RUNPATH_SEARCH_PATHS = (
					"$(inherited)",
					"@executable_path/Frameworks",
				);
				PRODUCT_BUNDLE_IDENTIFIER = "com.crescentflare.Pirates-Game";
				PRODUCT_NAME = "$(TARGET_NAME)";
				SWIFT_VERSION = 5.0;
				TARGETED_DEVICE_FAMILY = "1,2";
			};
			name = Release;
		};
/* End XCBuildConfiguration section */

/* Begin XCConfigurationList section */
		042DBBF122328EB4008831FE /* Build configuration list for PBXProject "Pirates Game" */ = {
			isa = XCConfigurationList;
			buildConfigurations = (
				042DBC0622328EB6008831FE /* Debug */,
				042DBC0722328EB6008831FE /* Release */,
			);
			defaultConfigurationIsVisible = 0;
			defaultConfigurationName = Release;
		};
		042DBC0822328EB6008831FE /* Build configuration list for PBXNativeTarget "PiratesGame" */ = {
			isa = XCConfigurationList;
			buildConfigurations = (
				042DBC0922328EB6008831FE /* Debug */,
				042DBC0A22328EB6008831FE /* Release */,
			);
			defaultConfigurationIsVisible = 0;
			defaultConfigurationName = Release;
		};
/* End XCConfigurationList section */
	};
	rootObject = 042DBBEE22328EB4008831FE /* Project object */;
}
