{
	"name": "pirate_game_dev_server",
	"version": "1.0.0",
	"lockfileVersion": 1,
	"requires": true,
	"dependencies": {
		"smart-mock-server": {
			"version": "1.0.5",
			"resolved": "https://registry.npmjs.org/smart-mock-server/-/smart-mock-server-1.0.5.tgz",
			"integrity": "sha512-O/i4vSMqSsXKmpeE/PN6avZIktFb/eNBehYSFEq2i48UIzY8lG3lp7sdCWYTX9pCer6fX9LeM4JcDkNkGfUhPg=="
		}
	}
}
