{
	"name": "pirate_game_dev_server",
	"version": "1.0.0",
	"lockfileVersion": 1,
	"requires": true,
	"dependencies": {
		"smart-mock-server": {
			"version": "1.0.4",
			"resolved": "https://registry.npmjs.org/smart-mock-server/-/smart-mock-server-1.0.4.tgz",
			"integrity": "sha512-5Yw/EaHHIXJ8cy6aeodUev4z9Td6m3LFtlnt0AhClKoySd8QZp12qhYC+KetsN6PEj8td1Vw4egeniyP63oJDw=="
		}
	}
}
