{
	"name": "pirate_game_dev_server",
	"version": "1.0.0",
	"lockfileVersion": 1,
	"requires": true,
	"dependencies": {
		"smart-mock-server": {
			"version": "1.0.6",
			"resolved": "https://registry.npmjs.org/smart-mock-server/-/smart-mock-server-1.0.6.tgz",
			"integrity": "sha512-p0rJy7hNBQQC2IzCFXfQFV0jsDJlrwpldR4F7/3cPLoBEWXdOI5zpHViUGgqGKtjcNaY663PzmCoB6OUCDCZFA=="
		}
	}
}
